{
  "name": "@entity-schema/predicates",
  "version": "0.1.0",
  "lockfileVersion": 1,
  "requires": true,
  "dependencies": {
    "@mojule/is": {
      "version": "0.3.9",
      "resolved": "https://registry.npmjs.org/@mojule/is/-/is-0.3.9.tgz",
      "integrity": "sha512-CCQQX4CdSmODJkPcbIPuvHRIm1b2ZFcKSWNvjZHDYhoTdzkszhfZPj5lIHPkN1J5rfbGb4QAC8PyuBeOFhlN7A=="
    },
    "@types/json-schema": {
      "version": "7.0.1",
      "resolved": "https://registry.npmjs.org/@types/json-schema/-/json-schema-7.0.1.tgz",
      "integrity": "sha512-NVQEMviDWjuen3UW+mU1J6fZ0WhOfG1yRce/2OTcbaz+fgmTw2cahx6N2wh0Yl+a+hg2UZj/oElZmtULWyGIsA==",
      "dev": true
    },
    "@types/mocha": {
      "version": "5.2.5",
      "resolved": "https://registry.npmjs.org/@types/mocha/-/mocha-5.2.5.tgz",
      "integrity": "sha512-lAVp+Kj54ui/vLUFxsJTMtWvZraZxum3w3Nwkble2dNuV5VnPA+Mi2oGX9XYJAaIvZi3tn3cbjS/qcJXRb6Bww==",
      "dev": true
    },
    "@types/node": {
      "version": "10.12.9",
      "resolved": "https://registry.npmjs.org/@types/node/-/node-10.12.9.tgz",
      "integrity": "sha512-eajkMXG812/w3w4a1OcBlaTwsFPO5F7fJ/amy+tieQxEMWBlbV1JGSjkFM+zkHNf81Cad+dfIRA+IBkvmvdAeA==",
      "dev": true
    }
  }
}
